
Microsoft Visual Studio Solution File, Format Version 12.00
# Visual Studio Version 16
VisualStudioVersion = 16.0.29613.14
MinimumVisualStudioVersion = 10.0.40219.1
Project("{2150E333-8FDC-42A3-9474-1A3956D46DE8}") = "Doc", "Doc", "{C8315455-0592-4057-BAF6-8093CD54B565}"
EndProject
Project("{2150E333-8FDC-42A3-9474-1A3956D46DE8}") = "Src", "Src", "{7204704E-C458-4D38-9F0F-F3D16E9670D9}"
EndProject
Project("{9A19103F-16F7-4668-BE54-9A1E7A4F7556}") = "EasyMoney.Api", "EasyMoney.Api\EasyMoney.Api.csproj", "{9CA1CB1D-58E1-4CBF-998E-37FF3DABC051}"
EndProject
Project("{9A19103F-16F7-4668-BE54-9A1E7A4F7556}") = "EasyMoney.Application", "EasyMoney.Application\EasyMoney.Application.csproj", "{1567FA70-DA31-4391-AA92-9726CE0721CA}"
EndProject
Project("{9A19103F-16F7-4668-BE54-9A1E7A4F7556}") = "EasyMoney.Fake", "EasyMoney.Fake\EasyMoney.Fake.csproj", "{FD70F655-082F-4D63-96F9-CC1A64CE68A7}"
EndProject
Project("{2150E333-8FDC-42A3-9474-1A3956D46DE8}") = "Infrastructure", "Infrastructure", "{B150DCAF-0573-48F1-AD33-45C688275519}"
EndProject
Project("{FAE04EC0-301F-11D3-BF4B-00C04F79EFBC}") = "Persistence", "Persistence\Persistence.csproj", "{DFD7A39C-439E-427B-BAFB-32FC58F0186E}"
EndProject
Project("{FAE04EC0-301F-11D3-BF4B-00C04F79EFBC}") = "Domain", "Domain\Domain.csproj", "{D8B9A76E-F3CF-4725-A463-4FDD62079F71}"
EndProject
Global
	GlobalSection(SolutionConfigurationPlatforms) = preSolution
		Debug|Any CPU = Debug|Any CPU
		Release|Any CPU = Release|Any CPU
	EndGlobalSection
	GlobalSection(ProjectConfigurationPlatforms) = postSolution
		{9CA1CB1D-58E1-4CBF-998E-37FF3DABC051}.Debug|Any CPU.ActiveCfg = Debug|Any CPU
		{9CA1CB1D-58E1-4CBF-998E-37FF3DABC051}.Debug|Any CPU.Build.0 = Debug|Any CPU
		{9CA1CB1D-58E1-4CBF-998E-37FF3DABC051}.Release|Any CPU.ActiveCfg = Release|Any CPU
		{9CA1CB1D-58E1-4CBF-998E-37FF3DABC051}.Release|Any CPU.Build.0 = Release|Any CPU
		{1567FA70-DA31-4391-AA92-9726CE0721CA}.Debug|Any CPU.ActiveCfg = Debug|Any CPU
		{1567FA70-DA31-4391-AA92-9726CE0721CA}.Debug|Any CPU.Build.0 = Debug|Any CPU
		{1567FA70-DA31-4391-AA92-9726CE0721CA}.Release|Any CPU.ActiveCfg = Release|Any CPU
		{1567FA70-DA31-4391-AA92-9726CE0721CA}.Release|Any CPU.Build.0 = Release|Any CPU
		{FD70F655-082F-4D63-96F9-CC1A64CE68A7}.Debug|Any CPU.ActiveCfg = Debug|Any CPU
		{FD70F655-082F-4D63-96F9-CC1A64CE68A7}.Debug|Any CPU.Build.0 = Debug|Any CPU
		{FD70F655-082F-4D63-96F9-CC1A64CE68A7}.Release|Any CPU.ActiveCfg = Release|Any CPU
		{FD70F655-082F-4D63-96F9-CC1A64CE68A7}.Release|Any CPU.Build.0 = Release|Any CPU
		{DFD7A39C-439E-427B-BAFB-32FC58F0186E}.Debug|Any CPU.ActiveCfg = Debug|Any CPU
		{DFD7A39C-439E-427B-BAFB-32FC58F0186E}.Debug|Any CPU.Build.0 = Debug|Any CPU
		{DFD7A39C-439E-427B-BAFB-32FC58F0186E}.Release|Any CPU.ActiveCfg = Release|Any CPU
		{DFD7A39C-439E-427B-BAFB-32FC58F0186E}.Release|Any CPU.Build.0 = Release|Any CPU
		{D8B9A76E-F3CF-4725-A463-4FDD62079F71}.Debug|Any CPU.ActiveCfg = Debug|Any CPU
		{D8B9A76E-F3CF-4725-A463-4FDD62079F71}.Debug|Any CPU.Build.0 = Debug|Any CPU
		{D8B9A76E-F3CF-4725-A463-4FDD62079F71}.Release|Any CPU.ActiveCfg = Release|Any CPU
		{D8B9A76E-F3CF-4725-A463-4FDD62079F71}.Release|Any CPU.Build.0 = Release|Any CPU
	EndGlobalSection
	GlobalSection(SolutionProperties) = preSolution
		HideSolutionNode = FALSE
	EndGlobalSection
	GlobalSection(NestedProjects) = preSolution
		{9CA1CB1D-58E1-4CBF-998E-37FF3DABC051} = {7204704E-C458-4D38-9F0F-F3D16E9670D9}
		{1567FA70-DA31-4391-AA92-9726CE0721CA} = {7204704E-C458-4D38-9F0F-F3D16E9670D9}
		{FD70F655-082F-4D63-96F9-CC1A64CE68A7} = {7204704E-C458-4D38-9F0F-F3D16E9670D9}
		{B150DCAF-0573-48F1-AD33-45C688275519} = {7204704E-C458-4D38-9F0F-F3D16E9670D9}
		{DFD7A39C-439E-427B-BAFB-32FC58F0186E} = {B150DCAF-0573-48F1-AD33-45C688275519}
		{D8B9A76E-F3CF-4725-A463-4FDD62079F71} = {7204704E-C458-4D38-9F0F-F3D16E9670D9}
	EndGlobalSection
	GlobalSection(ExtensibilityGlobals) = postSolution
		SolutionGuid = {EE13D0A0-1765-42E7-AA91-AE105C4AB462}
	EndGlobalSection
EndGlobal
